
Microsoft Visual Studio Solution File, Format Version 12.00
# Visual Studio Version 17
VisualStudioVersion = 17.14.36301.6
MinimumVisualStudioVersion = 10.0.40219.1
Project("{FAE04EC0-301F-11D3-BF4B-00C04F79EFBC}") = "MinImpLangComp", "src\MinImpLangComp\MinImpLangComp.csproj", "{2531BF60-31D6-4E35-B8A1-57BB1BF6A074}"
EndProject
Project("{FAE04EC0-301F-11D3-BF4B-00C04F79EFBC}") = "MinImpLangComp.Tests", "tests\MinImpLangComp.Tests\MinImpLangComp.Tests.csproj", "{2A63B173-F099-42D2-AEDD-72FE1E500A8D}"
EndProject
Global
	GlobalSection(SolutionConfigurationPlatforms) = preSolution
		Debug|Any CPU = Debug|Any CPU
		Release|Any CPU = Release|Any CPU
	EndGlobalSection
	GlobalSection(ProjectConfigurationPlatforms) = postSolution
		{2531BF60-31D6-4E35-B8A1-57BB1BF6A074}.Debug|Any CPU.ActiveCfg = Debug|Any CPU
		{2531BF60-31D6-4E35-B8A1-57BB1BF6A074}.Debug|Any CPU.Build.0 = Debug|Any CPU
		{2531BF60-31D6-4E35-B8A1-57BB1BF6A074}.Release|Any CPU.ActiveCfg = Release|Any CPU
		{2531BF60-31D6-4E35-B8A1-57BB1BF6A074}.Release|Any CPU.Build.0 = Release|Any CPU
		{2A63B173-F099-42D2-AEDD-72FE1E500A8D}.Debug|Any CPU.ActiveCfg = Debug|Any CPU
		{2A63B173-F099-42D2-AEDD-72FE1E500A8D}.Debug|Any CPU.Build.0 = Debug|Any CPU
		{2A63B173-F099-42D2-AEDD-72FE1E500A8D}.Release|Any CPU.ActiveCfg = Release|Any CPU
		{2A63B173-F099-42D2-AEDD-72FE1E500A8D}.Release|Any CPU.Build.0 = Release|Any CPU
	EndGlobalSection
	GlobalSection(SolutionProperties) = preSolution
		HideSolutionNode = FALSE
	EndGlobalSection
	GlobalSection(ExtensibilityGlobals) = postSolution
		SolutionGuid = {EED8929B-61FF-4201-92A3-7CF0AF2FCF4C}
	EndGlobalSection
EndGlobal
